Microsoft Visual Studio Solution File, Format Version 12.00
# Visual Studio Version 17
VisualStudioVersion = 17.5.2.0
MinimumVisualStudioVersion = 10.0.40219.1
Project("{FAE04EC0-301F-11D3-BF4B-00C04F79EFBC}") = "ShotForge.Api", "ShotForge.Api.csproj", "{614F2684-C6E4-5B67-AE73-9EDDCF6EF1DE}"
EndProject
Global
	GlobalSection(SolutionConfigurationPlatforms) = preSolution
		Debug|Any CPU = Debug|Any CPU
		Release|Any CPU = Release|Any CPU
	EndGlobalSection
	GlobalSection(ProjectConfigurationPlatforms) = postSolution
		{614F2684-C6E4-5B67-AE73-9EDDCF6EF1DE}.Debug|Any CPU.ActiveCfg = Debug|Any CPU
		{614F2684-C6E4-5B67-AE73-9EDDCF6EF1DE}.Debug|Any CPU.Build.0 = Debug|Any CPU
		{614F2684-C6E4-5B67-AE73-9EDDCF6EF1DE}.Release|Any CPU.ActiveCfg = Release|Any CPU
		{614F2684-C6E4-5B67-AE73-9EDDCF6EF1DE}.Release|Any CPU.Build.0 = Release|Any CPU
	EndGlobalSection
	GlobalSection(SolutionProperties) = preSolution
		HideSolutionNode = FALSE
	EndGlobalSection
	GlobalSection(ExtensibilityGlobals) = postSolution
		SolutionGuid = {E2D3E3F9-193A-424A-96AA-C6A67924D8E2}
	EndGlobalSection
EndGlobal
